
Microsoft Visual Studio Solution File, Format Version 12.00
# Visual Studio 15
Project("{FAE04EC0-301F-11D3-BF4B-00C04F79EFBC}") = "Assembly-CSharp", "Assembly-CSharp.csproj", "{3BCD53BB-62CE-0328-43C0-7526695388D4}"
EndProject
Project("{FAE04EC0-301F-11D3-BF4B-00C04F79EFBC}") = "Assembly-CSharp-Editor", "Assembly-CSharp-Editor.csproj", "{7F77B4D3-F67D-D26C-1BCA-702E62191C39}"
EndProject
Global
	GlobalSection(SolutionConfigurationPlatforms) = preSolution
		Debug|Any CPU = Debug|Any CPU
		Release|Any CPU = Release|Any CPU
	EndGlobalSection
	GlobalSection(ProjectConfigurationPlatforms) = postSolution
		{3BCD53BB-62CE-0328-43C0-7526695388D4}.Debug|Any CPU.ActiveCfg = Debug|Any CPU
		{3BCD53BB-62CE-0328-43C0-7526695388D4}.Debug|Any CPU.Build.0 = Debug|Any CPU
		{3BCD53BB-62CE-0328-43C0-7526695388D4}.Release|Any CPU.ActiveCfg = Release|Any CPU
		{3BCD53BB-62CE-0328-43C0-7526695388D4}.Release|Any CPU.Build.0 = Release|Any CPU
		{7F77B4D3-F67D-D26C-1BCA-702E62191C39}.Debug|Any CPU.ActiveCfg = Debug|Any CPU
		{7F77B4D3-F67D-D26C-1BCA-702E62191C39}.Debug|Any CPU.Build.0 = Debug|Any CPU
		{7F77B4D3-F67D-D26C-1BCA-702E62191C39}.Release|Any CPU.ActiveCfg = Release|Any CPU
		{7F77B4D3-F67D-D26C-1BCA-702E62191C39}.Release|Any CPU.Build.0 = Release|Any CPU
	EndGlobalSection
	GlobalSection(SolutionProperties) = preSolution
		HideSolutionNode = FALSE
	EndGlobalSection
EndGlobal
